
Microsoft Visual Studio Solution File, Format Version 12.00
# Visual Studio Version 16
VisualStudioVersion = 16.0.29209.62
MinimumVisualStudioVersion = 10.0.40219.1
Project("{FAE04EC0-301F-11D3-BF4B-00C04F79EFBC}") = "Listing 2-41 Get an enumerator", "Listing 2-41 Get an enumerator.csproj", "{AE67971A-24F9-4BDD-9A46-E33858B30498}"
EndProject
Global
	GlobalSection(SolutionConfigurationPlatforms) = preSolution
		Debug|Any CPU = Debug|Any CPU
		Release|Any CPU = Release|Any CPU
	EndGlobalSection
	GlobalSection(ProjectConfigurationPlatforms) = postSolution
		{AE67971A-24F9-4BDD-9A46-E33858B30498}.Debug|Any CPU.ActiveCfg = Debug|Any CPU
		{AE67971A-24F9-4BDD-9A46-E33858B30498}.Debug|Any CPU.Build.0 = Debug|Any CPU
		{AE67971A-24F9-4BDD-9A46-E33858B30498}.Release|Any CPU.ActiveCfg = Release|Any CPU
		{AE67971A-24F9-4BDD-9A46-E33858B30498}.Release|Any CPU.Build.0 = Release|Any CPU
	EndGlobalSection
	GlobalSection(SolutionProperties) = preSolution
		HideSolutionNode = FALSE
	EndGlobalSection
	GlobalSection(ExtensibilityGlobals) = postSolution
		SolutionGuid = {C6F3A41F-A308-439B-AE7B-C7BCDFBC1223}
	EndGlobalSection
EndGlobal
