
Microsoft Visual Studio Solution File, Format Version 12.00
# Visual Studio Version 16
VisualStudioVersion = 16.0.29209.62
MinimumVisualStudioVersion = 10.0.40219.1
Project("{FAE04EC0-301F-11D3-BF4B-00C04F79EFBC}") = "Listing1.6InformingParallelization", "Listing1.6InformingParallelization.csproj", "{8A3936DA-D312-4F6E-99D7-A03A077462D7}"
EndProject
Global
	GlobalSection(SolutionConfigurationPlatforms) = preSolution
		Debug|Any CPU = Debug|Any CPU
		Release|Any CPU = Release|Any CPU
	EndGlobalSection
	GlobalSection(ProjectConfigurationPlatforms) = postSolution
		{8A3936DA-D312-4F6E-99D7-A03A077462D7}.Debug|Any CPU.ActiveCfg = Debug|Any CPU
		{8A3936DA-D312-4F6E-99D7-A03A077462D7}.Debug|Any CPU.Build.0 = Debug|Any CPU
		{8A3936DA-D312-4F6E-99D7-A03A077462D7}.Release|Any CPU.ActiveCfg = Release|Any CPU
		{8A3936DA-D312-4F6E-99D7-A03A077462D7}.Release|Any CPU.Build.0 = Release|Any CPU
	EndGlobalSection
	GlobalSection(SolutionProperties) = preSolution
		HideSolutionNode = FALSE
	EndGlobalSection
	GlobalSection(ExtensibilityGlobals) = postSolution
		SolutionGuid = {2789282E-3B1C-48DF-A31F-6B69B4CA67D1}
	EndGlobalSection
EndGlobal
