
Microsoft Visual Studio Solution File, Format Version 12.00
# Visual Studio Version 16
VisualStudioVersion = 16.0.29209.62
MinimumVisualStudioVersion = 10.0.40219.1
Project("{FAE04EC0-301F-11D3-BF4B-00C04F79EFBC}") = "Listing1.5ParallelLINQ", "Listing1.5ParallelLINQ.csproj", "{06750788-E607-4305-8186-E6A40EF65AFB}"
EndProject
Global
	GlobalSection(SolutionConfigurationPlatforms) = preSolution
		Debug|Any CPU = Debug|Any CPU
		Release|Any CPU = Release|Any CPU
	EndGlobalSection
	GlobalSection(ProjectConfigurationPlatforms) = postSolution
		{06750788-E607-4305-8186-E6A40EF65AFB}.Debug|Any CPU.ActiveCfg = Debug|Any CPU
		{06750788-E607-4305-8186-E6A40EF65AFB}.Debug|Any CPU.Build.0 = Debug|Any CPU
		{06750788-E607-4305-8186-E6A40EF65AFB}.Release|Any CPU.ActiveCfg = Release|Any CPU
		{06750788-E607-4305-8186-E6A40EF65AFB}.Release|Any CPU.Build.0 = Release|Any CPU
	EndGlobalSection
	GlobalSection(SolutionProperties) = preSolution
		HideSolutionNode = FALSE
	EndGlobalSection
	GlobalSection(ExtensibilityGlobals) = postSolution
		SolutionGuid = {8C64971B-570A-4F7A-926F-40537E90BD81}
	EndGlobalSection
EndGlobal
