
Microsoft Visual Studio Solution File, Format Version 12.00
# Visual Studio Version 16
VisualStudioVersion = 16.0.29209.62
MinimumVisualStudioVersion = 10.0.40219.1
Project("{FAE04EC0-301F-11D3-BF4B-00C04F79EFBC}") = "Listing 2.12 Simple Method", "Listing 2.12 Simple Method.csproj", "{4F89B809-7E4E-4B37-9E62-3677D475AD56}"
EndProject
Global
	GlobalSection(SolutionConfigurationPlatforms) = preSolution
		Debug|Any CPU = Debug|Any CPU
		Release|Any CPU = Release|Any CPU
	EndGlobalSection
	GlobalSection(ProjectConfigurationPlatforms) = postSolution
		{4F89B809-7E4E-4B37-9E62-3677D475AD56}.Debug|Any CPU.ActiveCfg = Debug|Any CPU
		{4F89B809-7E4E-4B37-9E62-3677D475AD56}.Debug|Any CPU.Build.0 = Debug|Any CPU
		{4F89B809-7E4E-4B37-9E62-3677D475AD56}.Release|Any CPU.ActiveCfg = Release|Any CPU
		{4F89B809-7E4E-4B37-9E62-3677D475AD56}.Release|Any CPU.Build.0 = Release|Any CPU
	EndGlobalSection
	GlobalSection(SolutionProperties) = preSolution
		HideSolutionNode = FALSE
	EndGlobalSection
	GlobalSection(ExtensibilityGlobals) = postSolution
		SolutionGuid = {69E84DE8-32F3-491B-B1B4-869C1615BC0E}
	EndGlobalSection
EndGlobal
