
Microsoft Visual Studio Solution File, Format Version 12.00
# Visual Studio Version 16
VisualStudioVersion = 16.0.29209.62
MinimumVisualStudioVersion = 10.0.40219.1
Project("{FAE04EC0-301F-11D3-BF4B-00C04F79EFBC}") = "Listing3-32Hashing", "Listing3-32Hashing.csproj", "{EC1459E5-3680-4DE5-A8A0-2C56CD953019}"
EndProject
Global
	GlobalSection(SolutionConfigurationPlatforms) = preSolution
		Debug|Any CPU = Debug|Any CPU
		Release|Any CPU = Release|Any CPU
	EndGlobalSection
	GlobalSection(ProjectConfigurationPlatforms) = postSolution
		{EC1459E5-3680-4DE5-A8A0-2C56CD953019}.Debug|Any CPU.ActiveCfg = Debug|Any CPU
		{EC1459E5-3680-4DE5-A8A0-2C56CD953019}.Debug|Any CPU.Build.0 = Debug|Any CPU
		{EC1459E5-3680-4DE5-A8A0-2C56CD953019}.Release|Any CPU.ActiveCfg = Release|Any CPU
		{EC1459E5-3680-4DE5-A8A0-2C56CD953019}.Release|Any CPU.Build.0 = Release|Any CPU
	EndGlobalSection
	GlobalSection(SolutionProperties) = preSolution
		HideSolutionNode = FALSE
	EndGlobalSection
	GlobalSection(ExtensibilityGlobals) = postSolution
		SolutionGuid = {D10926FC-A9A4-45BC-9BAC-3A74605CFCDF}
	EndGlobalSection
EndGlobal
