
Microsoft Visual Studio Solution File, Format Version 12.00
# Visual Studio Version 16
VisualStudioVersion = 16.0.29209.62
MinimumVisualStudioVersion = 10.0.40219.1
Project("{FAE04EC0-301F-11D3-BF4B-00C04F79EFBC}") = "Listing 2-40 Typed IComparable", "Listing 2-40 Typed IComparable.csproj", "{AA3A6100-3541-4D95-A2DE-11C6C3689F5C}"
EndProject
Global
	GlobalSection(SolutionConfigurationPlatforms) = preSolution
		Debug|Any CPU = Debug|Any CPU
		Release|Any CPU = Release|Any CPU
	EndGlobalSection
	GlobalSection(ProjectConfigurationPlatforms) = postSolution
		{AA3A6100-3541-4D95-A2DE-11C6C3689F5C}.Debug|Any CPU.ActiveCfg = Debug|Any CPU
		{AA3A6100-3541-4D95-A2DE-11C6C3689F5C}.Debug|Any CPU.Build.0 = Debug|Any CPU
		{AA3A6100-3541-4D95-A2DE-11C6C3689F5C}.Release|Any CPU.ActiveCfg = Release|Any CPU
		{AA3A6100-3541-4D95-A2DE-11C6C3689F5C}.Release|Any CPU.Build.0 = Release|Any CPU
	EndGlobalSection
	GlobalSection(SolutionProperties) = preSolution
		HideSolutionNode = FALSE
	EndGlobalSection
	GlobalSection(ExtensibilityGlobals) = postSolution
		SolutionGuid = {CB17C879-7E29-4401-8530-DD25B193F8AC}
	EndGlobalSection
EndGlobal
