
Microsoft Visual Studio Solution File, Format Version 12.00
# Visual Studio Version 16
VisualStudioVersion = 16.0.29209.62
MinimumVisualStudioVersion = 10.0.40219.1
Project("{FAE04EC0-301F-11D3-BF4B-00C04F79EFBC}") = "Listing1.10ExceptionsInPLINQQueries", "Listing1.10ExceptionsInPLINQQueries.csproj", "{9A91B0A1-92C9-4036-9C3A-125F724D0B5D}"
EndProject
Global
	GlobalSection(SolutionConfigurationPlatforms) = preSolution
		Debug|Any CPU = Debug|Any CPU
		Release|Any CPU = Release|Any CPU
	EndGlobalSection
	GlobalSection(ProjectConfigurationPlatforms) = postSolution
		{9A91B0A1-92C9-4036-9C3A-125F724D0B5D}.Debug|Any CPU.ActiveCfg = Debug|Any CPU
		{9A91B0A1-92C9-4036-9C3A-125F724D0B5D}.Debug|Any CPU.Build.0 = Debug|Any CPU
		{9A91B0A1-92C9-4036-9C3A-125F724D0B5D}.Release|Any CPU.ActiveCfg = Release|Any CPU
		{9A91B0A1-92C9-4036-9C3A-125F724D0B5D}.Release|Any CPU.Build.0 = Release|Any CPU
	EndGlobalSection
	GlobalSection(SolutionProperties) = preSolution
		HideSolutionNode = FALSE
	EndGlobalSection
	GlobalSection(ExtensibilityGlobals) = postSolution
		SolutionGuid = {020BB6F2-4999-4AEC-A0F4-5257ADD5510C}
	EndGlobalSection
EndGlobal
