
Microsoft Visual Studio Solution File, Format Version 12.00
# Visual Studio Version 16
VisualStudioVersion = 16.0.29209.62
MinimumVisualStudioVersion = 10.0.40219.1
Project("{FAE04EC0-301F-11D3-BF4B-00C04F79EFBC}") = "Listing1.4ManagingParallelForLoop", "Listing1.4ManagingParallelForLoop.csproj", "{DF2D4494-D0D5-4C57-AF05-F2C3EE93993E}"
EndProject
Global
	GlobalSection(SolutionConfigurationPlatforms) = preSolution
		Debug|Any CPU = Debug|Any CPU
		Release|Any CPU = Release|Any CPU
	EndGlobalSection
	GlobalSection(ProjectConfigurationPlatforms) = postSolution
		{DF2D4494-D0D5-4C57-AF05-F2C3EE93993E}.Debug|Any CPU.ActiveCfg = Debug|Any CPU
		{DF2D4494-D0D5-4C57-AF05-F2C3EE93993E}.Debug|Any CPU.Build.0 = Debug|Any CPU
		{DF2D4494-D0D5-4C57-AF05-F2C3EE93993E}.Release|Any CPU.ActiveCfg = Release|Any CPU
		{DF2D4494-D0D5-4C57-AF05-F2C3EE93993E}.Release|Any CPU.Build.0 = Release|Any CPU
	EndGlobalSection
	GlobalSection(SolutionProperties) = preSolution
		HideSolutionNode = FALSE
	EndGlobalSection
	GlobalSection(ExtensibilityGlobals) = postSolution
		SolutionGuid = {FD71B621-5314-48A5-B9B7-610667EA993D}
	EndGlobalSection
EndGlobal
