
Microsoft Visual Studio Solution File, Format Version 12.00
# Visual Studio Version 16
VisualStudioVersion = 16.0.29209.62
MinimumVisualStudioVersion = 10.0.40219.1
Project("{FAE04EC0-301F-11D3-BF4B-00C04F79EFBC}") = "Listing1.3ParallelFor", "Listing1.3ParallelFor.csproj", "{AC7B1F1C-75F2-4F7F-90E8-D448A6F6E5E5}"
EndProject
Global
	GlobalSection(SolutionConfigurationPlatforms) = preSolution
		Debug|Any CPU = Debug|Any CPU
		Release|Any CPU = Release|Any CPU
	EndGlobalSection
	GlobalSection(ProjectConfigurationPlatforms) = postSolution
		{AC7B1F1C-75F2-4F7F-90E8-D448A6F6E5E5}.Debug|Any CPU.ActiveCfg = Debug|Any CPU
		{AC7B1F1C-75F2-4F7F-90E8-D448A6F6E5E5}.Debug|Any CPU.Build.0 = Debug|Any CPU
		{AC7B1F1C-75F2-4F7F-90E8-D448A6F6E5E5}.Release|Any CPU.ActiveCfg = Release|Any CPU
		{AC7B1F1C-75F2-4F7F-90E8-D448A6F6E5E5}.Release|Any CPU.Build.0 = Release|Any CPU
	EndGlobalSection
	GlobalSection(SolutionProperties) = preSolution
		HideSolutionNode = FALSE
	EndGlobalSection
	GlobalSection(ExtensibilityGlobals) = postSolution
		SolutionGuid = {8F82E429-BE60-4BE8-91D7-A028F701D73F}
	EndGlobalSection
EndGlobal
