
Microsoft Visual Studio Solution File, Format Version 12.00
# Visual Studio Version 16
VisualStudioVersion = 16.0.29209.62
MinimumVisualStudioVersion = 10.0.40219.1
Project("{FAE04EC0-301F-11D3-BF4B-00C04F79EFBC}") = "Listing 2-19 Method overriding", "Listing 2-19 Method overriding.csproj", "{706E1A23-84D8-4D2C-BAA9-AFC1513C2507}"
EndProject
Global
	GlobalSection(SolutionConfigurationPlatforms) = preSolution
		Debug|Any CPU = Debug|Any CPU
		Release|Any CPU = Release|Any CPU
	EndGlobalSection
	GlobalSection(ProjectConfigurationPlatforms) = postSolution
		{706E1A23-84D8-4D2C-BAA9-AFC1513C2507}.Debug|Any CPU.ActiveCfg = Debug|Any CPU
		{706E1A23-84D8-4D2C-BAA9-AFC1513C2507}.Debug|Any CPU.Build.0 = Debug|Any CPU
		{706E1A23-84D8-4D2C-BAA9-AFC1513C2507}.Release|Any CPU.ActiveCfg = Release|Any CPU
		{706E1A23-84D8-4D2C-BAA9-AFC1513C2507}.Release|Any CPU.Build.0 = Release|Any CPU
	EndGlobalSection
	GlobalSection(SolutionProperties) = preSolution
		HideSolutionNode = FALSE
	EndGlobalSection
	GlobalSection(ExtensibilityGlobals) = postSolution
		SolutionGuid = {DBB3F8B5-505F-4E10-BF2A-D6CC10BF6460}
	EndGlobalSection
EndGlobal
