
Microsoft Visual Studio Solution File, Format Version 12.00
# Visual Studio Version 16
VisualStudioVersion = 16.0.29209.62
MinimumVisualStudioVersion = 10.0.40219.1
Project("{FAE04EC0-301F-11D3-BF4B-00C04F79EFBC}") = "Listing 2-33 IPrintable interface", "Listing 2-33 IPrintable interface.csproj", "{8174ED1B-B605-40A2-AD2D-D06E31422F60}"
EndProject
Global
	GlobalSection(SolutionConfigurationPlatforms) = preSolution
		Debug|Any CPU = Debug|Any CPU
		Release|Any CPU = Release|Any CPU
	EndGlobalSection
	GlobalSection(ProjectConfigurationPlatforms) = postSolution
		{8174ED1B-B605-40A2-AD2D-D06E31422F60}.Debug|Any CPU.ActiveCfg = Debug|Any CPU
		{8174ED1B-B605-40A2-AD2D-D06E31422F60}.Debug|Any CPU.Build.0 = Debug|Any CPU
		{8174ED1B-B605-40A2-AD2D-D06E31422F60}.Release|Any CPU.ActiveCfg = Release|Any CPU
		{8174ED1B-B605-40A2-AD2D-D06E31422F60}.Release|Any CPU.Build.0 = Release|Any CPU
	EndGlobalSection
	GlobalSection(SolutionProperties) = preSolution
		HideSolutionNode = FALSE
	EndGlobalSection
	GlobalSection(ExtensibilityGlobals) = postSolution
		SolutionGuid = {8BEC3C44-8670-4FAA-899F-2374BD956A7B}
	EndGlobalSection
EndGlobal
