
Microsoft Visual Studio Solution File, Format Version 12.00
# Visual Studio Version 16
VisualStudioVersion = 16.0.29209.62
MinimumVisualStudioVersion = 10.0.40219.1
Project("{FAE04EC0-301F-11D3-BF4B-00C04F79EFBC}") = "Listing3-21 Checksums", "Listing3-21 Checksums.csproj", "{A3AAA77B-20BC-4FEE-9B68-1F6D021E57B6}"
EndProject
Global
	GlobalSection(SolutionConfigurationPlatforms) = preSolution
		Debug|Any CPU = Debug|Any CPU
		Release|Any CPU = Release|Any CPU
	EndGlobalSection
	GlobalSection(ProjectConfigurationPlatforms) = postSolution
		{A3AAA77B-20BC-4FEE-9B68-1F6D021E57B6}.Debug|Any CPU.ActiveCfg = Debug|Any CPU
		{A3AAA77B-20BC-4FEE-9B68-1F6D021E57B6}.Debug|Any CPU.Build.0 = Debug|Any CPU
		{A3AAA77B-20BC-4FEE-9B68-1F6D021E57B6}.Release|Any CPU.ActiveCfg = Release|Any CPU
		{A3AAA77B-20BC-4FEE-9B68-1F6D021E57B6}.Release|Any CPU.Build.0 = Release|Any CPU
	EndGlobalSection
	GlobalSection(SolutionProperties) = preSolution
		HideSolutionNode = FALSE
	EndGlobalSection
	GlobalSection(ExtensibilityGlobals) = postSolution
		SolutionGuid = {21A7D646-E1D3-4EAF-BCD5-D98F5B5BEA65}
	EndGlobalSection
EndGlobal
