
Microsoft Visual Studio Solution File, Format Version 12.00
# Visual Studio Version 16
VisualStudioVersion = 16.0.29209.62
MinimumVisualStudioVersion = 10.0.40219.1
Project("{FAE04EC0-301F-11D3-BF4B-00C04F79EFBC}") = "Listing 2.11 Static variables", "Listing 2.11 Static variables.csproj", "{7AAABFF3-E69F-4C16-82FE-C2F103D25B3E}"
EndProject
Global
	GlobalSection(SolutionConfigurationPlatforms) = preSolution
		Debug|Any CPU = Debug|Any CPU
		Release|Any CPU = Release|Any CPU
	EndGlobalSection
	GlobalSection(ProjectConfigurationPlatforms) = postSolution
		{7AAABFF3-E69F-4C16-82FE-C2F103D25B3E}.Debug|Any CPU.ActiveCfg = Debug|Any CPU
		{7AAABFF3-E69F-4C16-82FE-C2F103D25B3E}.Debug|Any CPU.Build.0 = Debug|Any CPU
		{7AAABFF3-E69F-4C16-82FE-C2F103D25B3E}.Release|Any CPU.ActiveCfg = Release|Any CPU
		{7AAABFF3-E69F-4C16-82FE-C2F103D25B3E}.Release|Any CPU.Build.0 = Release|Any CPU
	EndGlobalSection
	GlobalSection(SolutionProperties) = preSolution
		HideSolutionNode = FALSE
	EndGlobalSection
	GlobalSection(ExtensibilityGlobals) = postSolution
		SolutionGuid = {DBEEF244-F98C-4BC7-BD34-FE0F244C9A0E}
	EndGlobalSection
EndGlobal
