
Microsoft Visual Studio Solution File, Format Version 12.00
# Visual Studio Version 16
VisualStudioVersion = 16.0.29209.62
MinimumVisualStudioVersion = 10.0.40219.1
Project("{FAE04EC0-301F-11D3-BF4B-00C04F79EFBC}") = "Listing3-16RSA encryption", "Listing3-16RSA encryption.csproj", "{C5101A2D-730A-4058-8866-6ADBCF4F2549}"
EndProject
Global
	GlobalSection(SolutionConfigurationPlatforms) = preSolution
		Debug|Any CPU = Debug|Any CPU
		Release|Any CPU = Release|Any CPU
	EndGlobalSection
	GlobalSection(ProjectConfigurationPlatforms) = postSolution
		{C5101A2D-730A-4058-8866-6ADBCF4F2549}.Debug|Any CPU.ActiveCfg = Debug|Any CPU
		{C5101A2D-730A-4058-8866-6ADBCF4F2549}.Debug|Any CPU.Build.0 = Debug|Any CPU
		{C5101A2D-730A-4058-8866-6ADBCF4F2549}.Release|Any CPU.ActiveCfg = Release|Any CPU
		{C5101A2D-730A-4058-8866-6ADBCF4F2549}.Release|Any CPU.Build.0 = Release|Any CPU
	EndGlobalSection
	GlobalSection(SolutionProperties) = preSolution
		HideSolutionNode = FALSE
	EndGlobalSection
	GlobalSection(ExtensibilityGlobals) = postSolution
		SolutionGuid = {976A256F-0DFD-4EAF-8915-88246DE0538C}
	EndGlobalSection
EndGlobal
