
Microsoft Visual Studio Solution File, Format Version 12.00
# Visual Studio Version 16
VisualStudioVersion = 16.0.29209.62
MinimumVisualStudioVersion = 10.0.40219.1
Project("{FAE04EC0-301F-11D3-BF4B-00C04F79EFBC}") = "Listing 2-26 interacting with excel", "Listing 2-26 interacting with excel.csproj", "{91F44A44-A8E7-44FA-A90E-8D6496225640}"
EndProject
Global
	GlobalSection(SolutionConfigurationPlatforms) = preSolution
		Debug|Any CPU = Debug|Any CPU
		Release|Any CPU = Release|Any CPU
	EndGlobalSection
	GlobalSection(ProjectConfigurationPlatforms) = postSolution
		{91F44A44-A8E7-44FA-A90E-8D6496225640}.Debug|Any CPU.ActiveCfg = Debug|Any CPU
		{91F44A44-A8E7-44FA-A90E-8D6496225640}.Debug|Any CPU.Build.0 = Debug|Any CPU
		{91F44A44-A8E7-44FA-A90E-8D6496225640}.Release|Any CPU.ActiveCfg = Release|Any CPU
		{91F44A44-A8E7-44FA-A90E-8D6496225640}.Release|Any CPU.Build.0 = Release|Any CPU
	EndGlobalSection
	GlobalSection(SolutionProperties) = preSolution
		HideSolutionNode = FALSE
	EndGlobalSection
	GlobalSection(ExtensibilityGlobals) = postSolution
		SolutionGuid = {A61E8490-E8F7-4CE3-8FA1-2F2C9CD20CA7}
	EndGlobalSection
EndGlobal
