
Microsoft Visual Studio Solution File, Format Version 12.00
# Visual Studio Version 16
VisualStudioVersion = 16.0.29209.62
MinimumVisualStudioVersion = 10.0.40219.1
Project("{FAE04EC0-301F-11D3-BF4B-00C04F79EFBC}") = "Listing 2.14 Named parameters", "Listing 2.14 Named parameters.csproj", "{F2BE6BFD-F830-4EB9-8416-F8A0FB028D04}"
EndProject
Global
	GlobalSection(SolutionConfigurationPlatforms) = preSolution
		Debug|Any CPU = Debug|Any CPU
		Release|Any CPU = Release|Any CPU
	EndGlobalSection
	GlobalSection(ProjectConfigurationPlatforms) = postSolution
		{F2BE6BFD-F830-4EB9-8416-F8A0FB028D04}.Debug|Any CPU.ActiveCfg = Debug|Any CPU
		{F2BE6BFD-F830-4EB9-8416-F8A0FB028D04}.Debug|Any CPU.Build.0 = Debug|Any CPU
		{F2BE6BFD-F830-4EB9-8416-F8A0FB028D04}.Release|Any CPU.ActiveCfg = Release|Any CPU
		{F2BE6BFD-F830-4EB9-8416-F8A0FB028D04}.Release|Any CPU.Build.0 = Release|Any CPU
	EndGlobalSection
	GlobalSection(SolutionProperties) = preSolution
		HideSolutionNode = FALSE
	EndGlobalSection
	GlobalSection(ExtensibilityGlobals) = postSolution
		SolutionGuid = {A470D425-ED65-4223-AFC4-12544C5591A8}
	EndGlobalSection
EndGlobal
