
Microsoft Visual Studio Solution File, Format Version 12.00
# Visual Studio Version 16
VisualStudioVersion = 16.0.29209.62
MinimumVisualStudioVersion = 10.0.40219.1
Project("{FAE04EC0-301F-11D3-BF4B-00C04F79EFBC}") = "Listing 2-20 Using base", "Listing 2-20 Using base.csproj", "{FD87B251-6519-4C1F-8E5F-5B9D129E163E}"
EndProject
Global
	GlobalSection(SolutionConfigurationPlatforms) = preSolution
		Debug|Any CPU = Debug|Any CPU
		Release|Any CPU = Release|Any CPU
	EndGlobalSection
	GlobalSection(ProjectConfigurationPlatforms) = postSolution
		{FD87B251-6519-4C1F-8E5F-5B9D129E163E}.Debug|Any CPU.ActiveCfg = Debug|Any CPU
		{FD87B251-6519-4C1F-8E5F-5B9D129E163E}.Debug|Any CPU.Build.0 = Debug|Any CPU
		{FD87B251-6519-4C1F-8E5F-5B9D129E163E}.Release|Any CPU.ActiveCfg = Release|Any CPU
		{FD87B251-6519-4C1F-8E5F-5B9D129E163E}.Release|Any CPU.Build.0 = Release|Any CPU
	EndGlobalSection
	GlobalSection(SolutionProperties) = preSolution
		HideSolutionNode = FALSE
	EndGlobalSection
	GlobalSection(ExtensibilityGlobals) = postSolution
		SolutionGuid = {594D0E0F-A969-4856-BF28-2AA54A431239}
	EndGlobalSection
EndGlobal
