
Microsoft Visual Studio Solution File, Format Version 12.00
# Visual Studio Version 16
VisualStudioVersion = 16.0.29209.62
MinimumVisualStudioVersion = 10.0.40219.1
Project("{FAE04EC0-301F-11D3-BF4B-00C04F79EFBC}") = "Listing 2-28 Using a proterty", "Listing 2-28 Using a proterty.csproj", "{1EE43C0A-3CA8-41D8-9B08-A26343F022E5}"
EndProject
Global
	GlobalSection(SolutionConfigurationPlatforms) = preSolution
		Debug|Any CPU = Debug|Any CPU
		Release|Any CPU = Release|Any CPU
	EndGlobalSection
	GlobalSection(ProjectConfigurationPlatforms) = postSolution
		{1EE43C0A-3CA8-41D8-9B08-A26343F022E5}.Debug|Any CPU.ActiveCfg = Debug|Any CPU
		{1EE43C0A-3CA8-41D8-9B08-A26343F022E5}.Debug|Any CPU.Build.0 = Debug|Any CPU
		{1EE43C0A-3CA8-41D8-9B08-A26343F022E5}.Release|Any CPU.ActiveCfg = Release|Any CPU
		{1EE43C0A-3CA8-41D8-9B08-A26343F022E5}.Release|Any CPU.Build.0 = Release|Any CPU
	EndGlobalSection
	GlobalSection(SolutionProperties) = preSolution
		HideSolutionNode = FALSE
	EndGlobalSection
	GlobalSection(ExtensibilityGlobals) = postSolution
		SolutionGuid = {B67BC7C8-B64F-4BD3-8422-9383C3A8A3D4}
	EndGlobalSection
EndGlobal
