
Microsoft Visual Studio Solution File, Format Version 12.00
# Visual Studio Version 16
VisualStudioVersion = 16.0.29209.62
MinimumVisualStudioVersion = 10.0.40219.1
Project("{FAE04EC0-301F-11D3-BF4B-00C04F79EFBC}") = "Listing3-17 RSA key management", "Listing3-17 RSA key management.csproj", "{067492C0-606B-4AF7-8109-802E911651CF}"
EndProject
Global
	GlobalSection(SolutionConfigurationPlatforms) = preSolution
		Debug|Any CPU = Debug|Any CPU
		Release|Any CPU = Release|Any CPU
	EndGlobalSection
	GlobalSection(ProjectConfigurationPlatforms) = postSolution
		{067492C0-606B-4AF7-8109-802E911651CF}.Debug|Any CPU.ActiveCfg = Debug|Any CPU
		{067492C0-606B-4AF7-8109-802E911651CF}.Debug|Any CPU.Build.0 = Debug|Any CPU
		{067492C0-606B-4AF7-8109-802E911651CF}.Release|Any CPU.ActiveCfg = Release|Any CPU
		{067492C0-606B-4AF7-8109-802E911651CF}.Release|Any CPU.Build.0 = Release|Any CPU
	EndGlobalSection
	GlobalSection(SolutionProperties) = preSolution
		HideSolutionNode = FALSE
	EndGlobalSection
	GlobalSection(ExtensibilityGlobals) = postSolution
		SolutionGuid = {67AE3482-31DE-4F34-A380-F2B2E867B651}
	EndGlobalSection
EndGlobal
