
Microsoft Visual Studio Solution File, Format Version 12.00
# Visual Studio Version 16
VisualStudioVersion = 16.0.29209.62
MinimumVisualStudioVersion = 10.0.40219.1
Project("{FAE04EC0-301F-11D3-BF4B-00C04F79EFBC}") = "Listing 3-2 Creating XML", "Listing 3-2 Creating XML.csproj", "{41D0D7EC-9379-4668-8BF4-AB500EFABA03}"
EndProject
Global
	GlobalSection(SolutionConfigurationPlatforms) = preSolution
		Debug|Any CPU = Debug|Any CPU
		Release|Any CPU = Release|Any CPU
	EndGlobalSection
	GlobalSection(ProjectConfigurationPlatforms) = postSolution
		{41D0D7EC-9379-4668-8BF4-AB500EFABA03}.Debug|Any CPU.ActiveCfg = Debug|Any CPU
		{41D0D7EC-9379-4668-8BF4-AB500EFABA03}.Debug|Any CPU.Build.0 = Debug|Any CPU
		{41D0D7EC-9379-4668-8BF4-AB500EFABA03}.Release|Any CPU.ActiveCfg = Release|Any CPU
		{41D0D7EC-9379-4668-8BF4-AB500EFABA03}.Release|Any CPU.Build.0 = Release|Any CPU
	EndGlobalSection
	GlobalSection(SolutionProperties) = preSolution
		HideSolutionNode = FALSE
	EndGlobalSection
	GlobalSection(ExtensibilityGlobals) = postSolution
		SolutionGuid = {C6F862FB-3416-4006-A04C-02C177065826}
	EndGlobalSection
EndGlobal
