
Microsoft Visual Studio Solution File, Format Version 12.00
# Visual Studio Version 16
VisualStudioVersion = 16.0.29209.62
MinimumVisualStudioVersion = 10.0.40219.1
Project("{FAE04EC0-301F-11D3-BF4B-00C04F79EFBC}") = "Listing 2.10 Static constructors", "Listing 2.10 Static constructors.csproj", "{07D53557-F25A-4D0B-8742-8471C01B376C}"
EndProject
Global
	GlobalSection(SolutionConfigurationPlatforms) = preSolution
		Debug|Any CPU = Debug|Any CPU
		Release|Any CPU = Release|Any CPU
	EndGlobalSection
	GlobalSection(ProjectConfigurationPlatforms) = postSolution
		{07D53557-F25A-4D0B-8742-8471C01B376C}.Debug|Any CPU.ActiveCfg = Debug|Any CPU
		{07D53557-F25A-4D0B-8742-8471C01B376C}.Debug|Any CPU.Build.0 = Debug|Any CPU
		{07D53557-F25A-4D0B-8742-8471C01B376C}.Release|Any CPU.ActiveCfg = Release|Any CPU
		{07D53557-F25A-4D0B-8742-8471C01B376C}.Release|Any CPU.Build.0 = Release|Any CPU
	EndGlobalSection
	GlobalSection(SolutionProperties) = preSolution
		HideSolutionNode = FALSE
	EndGlobalSection
	GlobalSection(ExtensibilityGlobals) = postSolution
		SolutionGuid = {AD71BC3B-6FA9-41DA-A0F5-C109158661ED}
	EndGlobalSection
EndGlobal
