
Microsoft Visual Studio Solution File, Format Version 12.00
# Visual Studio Version 16
VisualStudioVersion = 16.0.29209.62
MinimumVisualStudioVersion = 10.0.40219.1
Project("{FAE04EC0-301F-11D3-BF4B-00C04F79EFBC}") = "Listing.2.4 Creating an enum", "Listing.2.4 Creating an enum.csproj", "{15ED47AB-DDA7-4225-A24F-0C01AA8D6E45}"
EndProject
Global
	GlobalSection(SolutionConfigurationPlatforms) = preSolution
		Debug|Any CPU = Debug|Any CPU
		Release|Any CPU = Release|Any CPU
	EndGlobalSection
	GlobalSection(ProjectConfigurationPlatforms) = postSolution
		{15ED47AB-DDA7-4225-A24F-0C01AA8D6E45}.Debug|Any CPU.ActiveCfg = Debug|Any CPU
		{15ED47AB-DDA7-4225-A24F-0C01AA8D6E45}.Debug|Any CPU.Build.0 = Debug|Any CPU
		{15ED47AB-DDA7-4225-A24F-0C01AA8D6E45}.Release|Any CPU.ActiveCfg = Release|Any CPU
		{15ED47AB-DDA7-4225-A24F-0C01AA8D6E45}.Release|Any CPU.Build.0 = Release|Any CPU
	EndGlobalSection
	GlobalSection(SolutionProperties) = preSolution
		HideSolutionNode = FALSE
	EndGlobalSection
	GlobalSection(ExtensibilityGlobals) = postSolution
		SolutionGuid = {E2533F0A-1999-4D82-ACB0-888AA2622C2E}
	EndGlobalSection
EndGlobal
