
Microsoft Visual Studio Solution File, Format Version 12.00
# Visual Studio Version 16
VisualStudioVersion = 16.0.29209.62
MinimumVisualStudioVersion = 10.0.40219.1
Project("{FAE04EC0-301F-11D3-BF4B-00C04F79EFBC}") = "Listing3-23SHA2", "Listing3-23SHA2.csproj", "{4A4AD38D-94F6-429F-990B-2882A65078C1}"
EndProject
Global
	GlobalSection(SolutionConfigurationPlatforms) = preSolution
		Debug|Any CPU = Debug|Any CPU
		Release|Any CPU = Release|Any CPU
	EndGlobalSection
	GlobalSection(ProjectConfigurationPlatforms) = postSolution
		{4A4AD38D-94F6-429F-990B-2882A65078C1}.Debug|Any CPU.ActiveCfg = Debug|Any CPU
		{4A4AD38D-94F6-429F-990B-2882A65078C1}.Debug|Any CPU.Build.0 = Debug|Any CPU
		{4A4AD38D-94F6-429F-990B-2882A65078C1}.Release|Any CPU.ActiveCfg = Release|Any CPU
		{4A4AD38D-94F6-429F-990B-2882A65078C1}.Release|Any CPU.Build.0 = Release|Any CPU
	EndGlobalSection
	GlobalSection(SolutionProperties) = preSolution
		HideSolutionNode = FALSE
	EndGlobalSection
	GlobalSection(ExtensibilityGlobals) = postSolution
		SolutionGuid = {7C187C6A-8CB8-45A8-B74C-877A37FBE1F2}
	EndGlobalSection
EndGlobal
