
Microsoft Visual Studio Solution File, Format Version 12.00
# Visual Studio Version 16
VisualStudioVersion = 16.0.29209.62
MinimumVisualStudioVersion = 10.0.40219.1
Project("{FAE04EC0-301F-11D3-BF4B-00C04F79EFBC}") = "Listing 3-1 Creating JSON", "Listing 3-1 Creating JSON.csproj", "{C85F7430-EAA0-4039-977F-56A9B2DCC249}"
EndProject
Global
	GlobalSection(SolutionConfigurationPlatforms) = preSolution
		Debug|Any CPU = Debug|Any CPU
		Release|Any CPU = Release|Any CPU
	EndGlobalSection
	GlobalSection(ProjectConfigurationPlatforms) = postSolution
		{C85F7430-EAA0-4039-977F-56A9B2DCC249}.Debug|Any CPU.ActiveCfg = Debug|Any CPU
		{C85F7430-EAA0-4039-977F-56A9B2DCC249}.Debug|Any CPU.Build.0 = Debug|Any CPU
		{C85F7430-EAA0-4039-977F-56A9B2DCC249}.Release|Any CPU.ActiveCfg = Release|Any CPU
		{C85F7430-EAA0-4039-977F-56A9B2DCC249}.Release|Any CPU.Build.0 = Release|Any CPU
	EndGlobalSection
	GlobalSection(SolutionProperties) = preSolution
		HideSolutionNode = FALSE
	EndGlobalSection
	GlobalSection(ExtensibilityGlobals) = postSolution
		SolutionGuid = {E61FBD82-A09D-472D-8C55-014E57F97E87}
	EndGlobalSection
EndGlobal
