
Microsoft Visual Studio Solution File, Format Version 12.00
# Visual Studio Version 16
VisualStudioVersion = 16.0.29209.62
MinimumVisualStudioVersion = 10.0.40219.1
Project("{FAE04EC0-301F-11D3-BF4B-00C04F79EFBC}") = "Listing 2-24 Bad dynamic code", "Listing 2-24 Bad dynamic code.csproj", "{41F2773D-4206-490D-9EFA-060210EE81DA}"
EndProject
Global
	GlobalSection(SolutionConfigurationPlatforms) = preSolution
		Debug|Any CPU = Debug|Any CPU
		Release|Any CPU = Release|Any CPU
	EndGlobalSection
	GlobalSection(ProjectConfigurationPlatforms) = postSolution
		{41F2773D-4206-490D-9EFA-060210EE81DA}.Debug|Any CPU.ActiveCfg = Debug|Any CPU
		{41F2773D-4206-490D-9EFA-060210EE81DA}.Debug|Any CPU.Build.0 = Debug|Any CPU
		{41F2773D-4206-490D-9EFA-060210EE81DA}.Release|Any CPU.ActiveCfg = Release|Any CPU
		{41F2773D-4206-490D-9EFA-060210EE81DA}.Release|Any CPU.Build.0 = Release|Any CPU
	EndGlobalSection
	GlobalSection(SolutionProperties) = preSolution
		HideSolutionNode = FALSE
	EndGlobalSection
	GlobalSection(ExtensibilityGlobals) = postSolution
		SolutionGuid = {B24FD0D0-0D79-48EF-BE07-C3BAFE4E3699}
	EndGlobalSection
EndGlobal
