
Microsoft Visual Studio Solution File, Format Version 12.00
# Visual Studio Version 16
VisualStudioVersion = 16.0.29209.62
MinimumVisualStudioVersion = 10.0.40219.1
Project("{FAE04EC0-301F-11D3-BF4B-00C04F79EFBC}") = "Listing3-14AES encryption", "Listing3-14AES encryption.csproj", "{539BEC0B-FC02-48C7-A3B7-5504401FA757}"
EndProject
Global
	GlobalSection(SolutionConfigurationPlatforms) = preSolution
		Debug|Any CPU = Debug|Any CPU
		Release|Any CPU = Release|Any CPU
	EndGlobalSection
	GlobalSection(ProjectConfigurationPlatforms) = postSolution
		{539BEC0B-FC02-48C7-A3B7-5504401FA757}.Debug|Any CPU.ActiveCfg = Debug|Any CPU
		{539BEC0B-FC02-48C7-A3B7-5504401FA757}.Debug|Any CPU.Build.0 = Debug|Any CPU
		{539BEC0B-FC02-48C7-A3B7-5504401FA757}.Release|Any CPU.ActiveCfg = Release|Any CPU
		{539BEC0B-FC02-48C7-A3B7-5504401FA757}.Release|Any CPU.Build.0 = Release|Any CPU
	EndGlobalSection
	GlobalSection(SolutionProperties) = preSolution
		HideSolutionNode = FALSE
	EndGlobalSection
	GlobalSection(ExtensibilityGlobals) = postSolution
		SolutionGuid = {A2E1DDC9-9ADE-4330-9163-167C5EF4F043}
	EndGlobalSection
EndGlobal
