
Microsoft Visual Studio Solution File, Format Version 12.00
# Visual Studio Version 16
VisualStudioVersion = 16.0.29209.62
MinimumVisualStudioVersion = 10.0.40219.1
Project("{FAE04EC0-301F-11D3-BF4B-00C04F79EFBC}") = "Listing2.5 Creating a reference", "Listing2.5 Creating a reference.csproj", "{BA03C774-3BA4-43C3-B3E3-DA3157799574}"
EndProject
Global
	GlobalSection(SolutionConfigurationPlatforms) = preSolution
		Debug|Any CPU = Debug|Any CPU
		Release|Any CPU = Release|Any CPU
	EndGlobalSection
	GlobalSection(ProjectConfigurationPlatforms) = postSolution
		{BA03C774-3BA4-43C3-B3E3-DA3157799574}.Debug|Any CPU.ActiveCfg = Debug|Any CPU
		{BA03C774-3BA4-43C3-B3E3-DA3157799574}.Debug|Any CPU.Build.0 = Debug|Any CPU
		{BA03C774-3BA4-43C3-B3E3-DA3157799574}.Release|Any CPU.ActiveCfg = Release|Any CPU
		{BA03C774-3BA4-43C3-B3E3-DA3157799574}.Release|Any CPU.Build.0 = Release|Any CPU
	EndGlobalSection
	GlobalSection(SolutionProperties) = preSolution
		HideSolutionNode = FALSE
	EndGlobalSection
	GlobalSection(ExtensibilityGlobals) = postSolution
		SolutionGuid = {5C043547-8957-4FE8-87D8-481741FE263B}
	EndGlobalSection
EndGlobal
