
Microsoft Visual Studio Solution File, Format Version 12.00
# Visual Studio Version 16
VisualStudioVersion = 16.0.29209.62
MinimumVisualStudioVersion = 10.0.40219.1
Project("{FAE04EC0-301F-11D3-BF4B-00C04F79EFBC}") = "Listing3-19Machine level keys", "Listing3-19Machine level keys.csproj", "{80303A17-2EE7-48F1-92C4-4FDB625B617E}"
EndProject
Global
	GlobalSection(SolutionConfigurationPlatforms) = preSolution
		Debug|Any CPU = Debug|Any CPU
		Release|Any CPU = Release|Any CPU
	EndGlobalSection
	GlobalSection(ProjectConfigurationPlatforms) = postSolution
		{80303A17-2EE7-48F1-92C4-4FDB625B617E}.Debug|Any CPU.ActiveCfg = Debug|Any CPU
		{80303A17-2EE7-48F1-92C4-4FDB625B617E}.Debug|Any CPU.Build.0 = Debug|Any CPU
		{80303A17-2EE7-48F1-92C4-4FDB625B617E}.Release|Any CPU.ActiveCfg = Release|Any CPU
		{80303A17-2EE7-48F1-92C4-4FDB625B617E}.Release|Any CPU.Build.0 = Release|Any CPU
	EndGlobalSection
	GlobalSection(SolutionProperties) = preSolution
		HideSolutionNode = FALSE
	EndGlobalSection
	GlobalSection(ExtensibilityGlobals) = postSolution
		SolutionGuid = {11ACB954-5066-4905-9345-9FAF6C418A7F}
	EndGlobalSection
EndGlobal
